
Microsoft Visual Studio Solution File, Format Version 12.00
# Visual Studio Version 16
VisualStudioVersion = 16.0.29920.165
MinimumVisualStudioVersion = 10.0.40219.1
Project("{FAE04EC0-301F-11D3-BF4B-00C04F79EFBC}") = "SelfCheckout.Android", "SelfCheckout\SelfCheckout.Android\SelfCheckout.Android.csproj", "{5EE0CEFD-7352-4CBB-A590-9EA28DAEAB43}"
EndProject
Project("{FAE04EC0-301F-11D3-BF4B-00C04F79EFBC}") = "SelfCheckout.iOS", "SelfCheckout\SelfCheckout.iOS\SelfCheckout.iOS.csproj", "{0276C705-ACF6-4641-9CA6-BE092F86D171}"
EndProject
Project("{FAE04EC0-301F-11D3-BF4B-00C04F79EFBC}") = "SelfCheckout.UWP", "SelfCheckout\SelfCheckout.UWP\SelfCheckout.UWP.csproj", "{0C60A1AB-0578-4965-A471-036998064F44}"
EndProject
Project("{9A19103F-16F7-4668-BE54-9A1E7A4F7556}") = "SelfCheckout", "SelfCheckout\SelfCheckout\SelfCheckout.csproj", "{2C24F4FA-F462-4C0B-812C-0B1357823AE1}"
EndProject
Project("{FAE04EC0-301F-11D3-BF4B-00C04F79EFBC}") = "Win32Printer", "Win32Printer\Win32Printer.csproj", "{CCE373B1-213B-4C7A-B862-238C8EE73030}"
EndProject
Global
	GlobalSection(SolutionConfigurationPlatforms) = preSolution
		Ad-Hoc|Any CPU = Ad-Hoc|Any CPU
		Ad-Hoc|ARM = Ad-Hoc|ARM
		Ad-Hoc|iPhone = Ad-Hoc|iPhone
		Ad-Hoc|iPhoneSimulator = Ad-Hoc|iPhoneSimulator
		Ad-Hoc|x64 = Ad-Hoc|x64
		Ad-Hoc|x86 = Ad-Hoc|x86
		AppStore|Any CPU = AppStore|Any CPU
		AppStore|ARM = AppStore|ARM
		AppStore|iPhone = AppStore|iPhone
		AppStore|iPhoneSimulator = AppStore|iPhoneSimulator
		AppStore|x64 = AppStore|x64
		AppStore|x86 = AppStore|x86
		Debug|Any CPU = Debug|Any CPU
		Debug|ARM = Debug|ARM
		Debug|iPhone = Debug|iPhone
		Debug|iPhoneSimulator = Debug|iPhoneSimulator
		Debug|x64 = Debug|x64
		Debug|x86 = Debug|x86
		Release|Any CPU = Release|Any CPU
		Release|ARM = Release|ARM
		Release|iPhone = Release|iPhone
		Release|iPhoneSimulator = Release|iPhoneSimulator
		Release|x64 = Release|x64
		Release|x86 = Release|x86
	EndGlobalSection
	GlobalSection(ProjectConfigurationPlatforms) = postSolution
		{5EE0CEFD-7352-4CBB-A590-9EA28DAEAB43}.Ad-Hoc|Any CPU.ActiveCfg = Release|Any CPU
		{5EE0CEFD-7352-4CBB-A590-9EA28DAEAB43}.Ad-Hoc|Any CPU.Build.0 = Release|Any CPU
		{5EE0CEFD-7352-4CBB-A590-9EA28DAEAB43}.Ad-Hoc|Any CPU.Deploy.0 = Release|Any CPU
		{5EE0CEFD-7352-4CBB-A590-9EA28DAEAB43}.Ad-Hoc|ARM.ActiveCfg = Release|Any CPU
		{5EE0CEFD-7352-4CBB-A590-9EA28DAEAB43}.Ad-Hoc|ARM.Build.0 = Release|Any CPU
		{5EE0CEFD-7352-4CBB-A590-9EA28DAEAB43}.Ad-Hoc|ARM.Deploy.0 = Release|Any CPU
		{5EE0CEFD-7352-4CBB-A590-9EA28DAEAB43}.Ad-Hoc|iPhone.ActiveCfg = Release|Any CPU
		{5EE0CEFD-7352-4CBB-A590-9EA28DAEAB43}.Ad-Hoc|iPhone.Build.0 = Release|Any CPU
		{5EE0CEFD-7352-4CBB-A590-9EA28DAEAB43}.Ad-Hoc|iPhone.Deploy.0 = Release|Any CPU
		{5EE0CEFD-7352-4CBB-A590-9EA28DAEAB43}.Ad-Hoc|iPhoneSimulator.ActiveCfg = Release|Any CPU
		{5EE0CEFD-7352-4CBB-A590-9EA28DAEAB43}.Ad-Hoc|iPhoneSimulator.Build.0 = Release|Any CPU
		{5EE0CEFD-7352-4CBB-A590-9EA28DAEAB43}.Ad-Hoc|iPhoneSimulator.Deploy.0 = Release|Any CPU
		{5EE0CEFD-7352-4CBB-A590-9EA28DAEAB43}.Ad-Hoc|x64.ActiveCfg = Release|Any CPU
		{5EE0CEFD-7352-4CBB-A590-9EA28DAEAB43}.Ad-Hoc|x64.Build.0 = Release|Any CPU
		{5EE0CEFD-7352-4CBB-A590-9EA28DAEAB43}.Ad-Hoc|x64.Deploy.0 = Release|Any CPU
		{5EE0CEFD-7352-4CBB-A590-9EA28DAEAB43}.Ad-Hoc|x86.ActiveCfg = Release|Any CPU
		{5EE0CEFD-7352-4CBB-A590-9EA28DAEAB43}.Ad-Hoc|x86.Build.0 = Release|Any CPU
		{5EE0CEFD-7352-4CBB-A590-9EA28DAEAB43}.Ad-Hoc|x86.Deploy.0 = Release|Any CPU
		{5EE0CEFD-7352-4CBB-A590-9EA28DAEAB43}.AppStore|Any CPU.ActiveCfg = Release|Any CPU
		{5EE0CEFD-7352-4CBB-A590-9EA28DAEAB43}.AppStore|Any CPU.Build.0 = Release|Any CPU
		{5EE0CEFD-7352-4CBB-A590-9EA28DAEAB43}.AppStore|Any CPU.Deploy.0 = Release|Any CPU
		{5EE0CEFD-7352-4CBB-A590-9EA28DAEAB43}.AppStore|ARM.ActiveCfg = Release|Any CPU
		{5EE0CEFD-7352-4CBB-A590-9EA28DAEAB43}.AppStore|ARM.Build.0 = Release|Any CPU
		{5EE0CEFD-7352-4CBB-A590-9EA28DAEAB43}.AppStore|ARM.Deploy.0 = Release|Any CPU
		{5EE0CEFD-7352-4CBB-A590-9EA28DAEAB43}.AppStore|iPhone.ActiveCfg = Release|Any CPU
		{5EE0CEFD-7352-4CBB-A590-9EA28DAEAB43}.AppStore|iPhone.Build.0 = Release|Any CPU
		{5EE0CEFD-7352-4CBB-A590-9EA28DAEAB43}.AppStore|iPhone.Deploy.0 = Release|Any CPU
		{5EE0CEFD-7352-4CBB-A590-9EA28DAEAB43}.AppStore|iPhoneSimulator.ActiveCfg = Release|Any CPU
		{5EE0CEFD-7352-4CBB-A590-9EA28DAEAB43}.AppStore|iPhoneSimulator.Build.0 = Release|Any CPU
		{5EE0CEFD-7352-4CBB-A590-9EA28DAEAB43}.AppStore|iPhoneSimulator.Deploy.0 = Release|Any CPU
		{5EE0CEFD-7352-4CBB-A590-9EA28DAEAB43}.AppStore|x64.ActiveCfg = Release|Any CPU
		{5EE0CEFD-7352-4CBB-A590-9EA28DAEAB43}.AppStore|x64.Build.0 = Release|Any CPU
		{5EE0CEFD-7352-4CBB-A590-9EA28DAEAB43}.AppStore|x64.Deploy.0 = Release|Any CPU
		{5EE0CEFD-7352-4CBB-A590-9EA28DAEAB43}.AppStore|x86.ActiveCfg = Release|Any CPU
		{5EE0CEFD-7352-4CBB-A590-9EA28DAEAB43}.AppStore|x86.Build.0 = Release|Any CPU
		{5EE0CEFD-7352-4CBB-A590-9EA28DAEAB43}.AppStore|x86.Deploy.0 = Release|Any CPU
		{5EE0CEFD-7352-4CBB-A590-9EA28DAEAB43}.Debug|Any CPU.ActiveCfg = Debug|Any CPU
		{5EE0CEFD-7352-4CBB-A590-9EA28DAEAB43}.Debug|Any CPU.Build.0 = Debug|Any CPU
		{5EE0CEFD-7352-4CBB-A590-9EA28DAEAB43}.Debug|Any CPU.Deploy.0 = Debug|Any CPU
		{5EE0CEFD-7352-4CBB-A590-9EA28DAEAB43}.Debug|ARM.ActiveCfg = Debug|Any CPU
		{5EE0CEFD-7352-4CBB-A590-9EA28DAEAB43}.Debug|ARM.Build.0 = Debug|Any CPU
		{5EE0CEFD-7352-4CBB-A590-9EA28DAEAB43}.Debug|ARM.Deploy.0 = Debug|Any CPU
		{5EE0CEFD-7352-4CBB-A590-9EA28DAEAB43}.Debug|iPhone.ActiveCfg = Debug|Any CPU
		{5EE0CEFD-7352-4CBB-A590-9EA28DAEAB43}.Debug|iPhone.Build.0 = Debug|Any CPU
		{5EE0CEFD-7352-4CBB-A590-9EA28DAEAB43}.Debug|iPhone.Deploy.0 = Debug|Any CPU
		{5EE0CEFD-7352-4CBB-A590-9EA28DAEAB43}.Debug|iPhoneSimulator.ActiveCfg = Debug|Any CPU
		{5EE0CEFD-7352-4CBB-A590-9EA28DAEAB43}.Debug|iPhoneSimulator.Build.0 = Debug|Any CPU
		{5EE0CEFD-7352-4CBB-A590-9EA28DAEAB43}.Debug|iPhoneSimulator.Deploy.0 = Debug|Any CPU
		{5EE0CEFD-7352-4CBB-A590-9EA28DAEAB43}.Debug|x64.ActiveCfg = Debug|Any CPU
		{5EE0CEFD-7352-4CBB-A590-9EA28DAEAB43}.Debug|x64.Build.0 = Debug|Any CPU
		{5EE0CEFD-7352-4CBB-A590-9EA28DAEAB43}.Debug|x64.Deploy.0 = Debug|Any CPU
		{5EE0CEFD-7352-4CBB-A590-9EA28DAEAB43}.Debug|x86.ActiveCfg = Debug|Any CPU
		{5EE0CEFD-7352-4CBB-A590-9EA28DAEAB43}.Debug|x86.Build.0 = Debug|Any CPU
		{5EE0CEFD-7352-4CBB-A590-9EA28DAEAB43}.Debug|x86.Deploy.0 = Debug|Any CPU
		{5EE0CEFD-7352-4CBB-A590-9EA28DAEAB43}.Release|Any CPU.ActiveCfg = Release|Any CPU
		{5EE0CEFD-7352-4CBB-A590-9EA28DAEAB43}.Release|Any CPU.Build.0 = Release|Any CPU
		{5EE0CEFD-7352-4CBB-A590-9EA28DAEAB43}.Release|Any CPU.Deploy.0 = Release|Any CPU
		{5EE0CEFD-7352-4CBB-A590-9EA28DAEAB43}.Release|ARM.ActiveCfg = Release|Any CPU
		{5EE0CEFD-7352-4CBB-A590-9EA28DAEAB43}.Release|ARM.Build.0 = Release|Any CPU
		{5EE0CEFD-7352-4CBB-A590-9EA28DAEAB43}.Release|ARM.Deploy.0 = Release|Any CPU
		{5EE0CEFD-7352-4CBB-A590-9EA28DAEAB43}.Release|iPhone.ActiveCfg = Release|Any CPU
		{5EE0CEFD-7352-4CBB-A590-9EA28DAEAB43}.Release|iPhone.Build.0 = Release|Any CPU
		{5EE0CEFD-7352-4CBB-A590-9EA28DAEAB43}.Release|iPhone.Deploy.0 = Release|Any CPU
		{5EE0CEFD-7352-4CBB-A590-9EA28DAEAB43}.Release|iPhoneSimulator.ActiveCfg = Release|Any CPU
		{5EE0CEFD-7352-4CBB-A590-9EA28DAEAB43}.Release|iPhoneSimulator.Build.0 = Release|Any CPU
		{5EE0CEFD-7352-4CBB-A590-9EA28DAEAB43}.Release|iPhoneSimulator.Deploy.0 = Release|Any CPU
		{5EE0CEFD-7352-4CBB-A590-9EA28DAEAB43}.Release|x64.ActiveCfg = Release|Any CPU
		{5EE0CEFD-7352-4CBB-A590-9EA28DAEAB43}.Release|x64.Build.0 = Release|Any CPU
		{5EE0CEFD-7352-4CBB-A590-9EA28DAEAB43}.Release|x64.Deploy.0 = Release|Any CPU
		{5EE0CEFD-7352-4CBB-A590-9EA28DAEAB43}.Release|x86.ActiveCfg = Release|Any CPU
		{5EE0CEFD-7352-4CBB-A590-9EA28DAEAB43}.Release|x86.Build.0 = Release|Any CPU
		{5EE0CEFD-7352-4CBB-A590-9EA28DAEAB43}.Release|x86.Deploy.0 = Release|Any CPU
		{0276C705-ACF6-4641-9CA6-BE092F86D171}.Ad-Hoc|Any CPU.ActiveCfg = Ad-Hoc|iPhone
		{0276C705-ACF6-4641-9CA6-BE092F86D171}.Ad-Hoc|Any CPU.Build.0 = Ad-Hoc|iPhone
		{0276C705-ACF6-4641-9CA6-BE092F86D171}.Ad-Hoc|Any CPU.Deploy.0 = Ad-Hoc|iPhone
		{0276C705-ACF6-4641-9CA6-BE092F86D171}.Ad-Hoc|ARM.ActiveCfg = Ad-Hoc|iPhone
		{0276C705-ACF6-4641-9CA6-BE092F86D171}.Ad-Hoc|ARM.Build.0 = Ad-Hoc|iPhone
		{0276C705-ACF6-4641-9CA6-BE092F86D171}.Ad-Hoc|ARM.Deploy.0 = Ad-Hoc|iPhone
		{0276C705-ACF6-4641-9CA6-BE092F86D171}.Ad-Hoc|iPhone.ActiveCfg = Ad-Hoc|iPhone
		{0276C705-ACF6-4641-9CA6-BE092F86D171}.Ad-Hoc|iPhone.Build.0 = Ad-Hoc|iPhone
		{0276C705-ACF6-4641-9CA6-BE092F86D171}.Ad-Hoc|iPhone.Deploy.0 = Ad-Hoc|iPhone
		{0276C705-ACF6-4641-9CA6-BE092F86D171}.Ad-Hoc|iPhoneSimulator.ActiveCfg = Ad-Hoc|iPhoneSimulator
		{0276C705-ACF6-4641-9CA6-BE092F86D171}.Ad-Hoc|iPhoneSimulator.Build.0 = Ad-Hoc|iPhoneSimulator
		{0276C705-ACF6-4641-9CA6-BE092F86D171}.Ad-Hoc|iPhoneSimulator.Deploy.0 = Ad-Hoc|iPhoneSimulator
		{0276C705-ACF6-4641-9CA6-BE092F86D171}.Ad-Hoc|x64.ActiveCfg = Ad-Hoc|iPhone
		{0276C705-ACF6-4641-9CA6-BE092F86D171}.Ad-Hoc|x64.Build.0 = Ad-Hoc|iPhone
		{0276C705-ACF6-4641-9CA6-BE092F86D171}.Ad-Hoc|x64.Deploy.0 = Ad-Hoc|iPhone
		{0276C705-ACF6-4641-9CA6-BE092F86D171}.Ad-Hoc|x86.ActiveCfg = Ad-Hoc|iPhone
		{0276C705-ACF6-4641-9CA6-BE092F86D171}.Ad-Hoc|x86.Build.0 = Ad-Hoc|iPhone
		{0276C705-ACF6-4641-9CA6-BE092F86D171}.Ad-Hoc|x86.Deploy.0 = Ad-Hoc|iPhone
		{0276C705-ACF6-4641-9CA6-BE092F86D171}.AppStore|Any CPU.ActiveCfg = AppStore|iPhone
		{0276C705-ACF6-4641-9CA6-BE092F86D171}.AppStore|Any CPU.Build.0 = AppStore|iPhone
		{0276C705-ACF6-4641-9CA6-BE092F86D171}.AppStore|Any CPU.Deploy.0 = AppStore|iPhone
		{0276C705-ACF6-4641-9CA6-BE092F86D171}.AppStore|ARM.ActiveCfg = AppStore|iPhone
		{0276C705-ACF6-4641-9CA6-BE092F86D171}.AppStore|ARM.Build.0 = AppStore|iPhone
		{0276C705-ACF6-4641-9CA6-BE092F86D171}.AppStore|ARM.Deploy.0 = AppStore|iPhone
		{0276C705-ACF6-4641-9CA6-BE092F86D171}.AppStore|iPhone.ActiveCfg = AppStore|iPhone
		{0276C705-ACF6-4641-9CA6-BE092F86D171}.AppStore|iPhone.Build.0 = AppStore|iPhone
		{0276C705-ACF6-4641-9CA6-BE092F86D171}.AppStore|iPhone.Deploy.0 = AppStore|iPhone
		{0276C705-ACF6-4641-9CA6-BE092F86D171}.AppStore|iPhoneSimulator.ActiveCfg = AppStore|iPhoneSimulator
		{0276C705-ACF6-4641-9CA6-BE092F86D171}.AppStore|iPhoneSimulator.Build.0 = AppStore|iPhoneSimulator
		{0276C705-ACF6-4641-9CA6-BE092F86D171}.AppStore|iPhoneSimulator.Deploy.0 = AppStore|iPhoneSimulator
		{0276C705-ACF6-4641-9CA6-BE092F86D171}.AppStore|x64.ActiveCfg = AppStore|iPhone
		{0276C705-ACF6-4641-9CA6-BE092F86D171}.AppStore|x64.Build.0 = AppStore|iPhone
		{0276C705-ACF6-4641-9CA6-BE092F86D171}.AppStore|x64.Deploy.0 = AppStore|iPhone
		{0276C705-ACF6-4641-9CA6-BE092F86D171}.AppStore|x86.ActiveCfg = AppStore|iPhone
		{0276C705-ACF6-4641-9CA6-BE092F86D171}.AppStore|x86.Build.0 = AppStore|iPhone
		{0276C705-ACF6-4641-9CA6-BE092F86D171}.AppStore|x86.Deploy.0 = AppStore|iPhone
		{0276C705-ACF6-4641-9CA6-BE092F86D171}.Debug|Any CPU.ActiveCfg = Debug|iPhoneSimulator
		{0276C705-ACF6-4641-9CA6-BE092F86D171}.Debug|Any CPU.Build.0 = Debug|iPhoneSimulator
		{0276C705-ACF6-4641-9CA6-BE092F86D171}.Debug|Any CPU.Deploy.0 = Debug|iPhoneSimulator
		{0276C705-ACF6-4641-9CA6-BE092F86D171}.Debug|ARM.ActiveCfg = Debug|iPhone
		{0276C705-ACF6-4641-9CA6-BE092F86D171}.Debug|ARM.Build.0 = Debug|iPhone
		{0276C705-ACF6-4641-9CA6-BE092F86D171}.Debug|ARM.Deploy.0 = Debug|iPhone
		{0276C705-ACF6-4641-9CA6-BE092F86D171}.Debug|iPhone.ActiveCfg = Debug|iPhone
		{0276C705-ACF6-4641-9CA6-BE092F86D171}.Debug|iPhone.Build.0 = Debug|iPhone
		{0276C705-ACF6-4641-9CA6-BE092F86D171}.Debug|iPhone.Deploy.0 = Debug|iPhone
		{0276C705-ACF6-4641-9CA6-BE092F86D171}.Debug|iPhoneSimulator.ActiveCfg = Debug|iPhoneSimulator
		{0276C705-ACF6-4641-9CA6-BE092F86D171}.Debug|iPhoneSimulator.Build.0 = Debug|iPhoneSimulator
		{0276C705-ACF6-4641-9CA6-BE092F86D171}.Debug|iPhoneSimulator.Deploy.0 = Debug|iPhoneSimulator
		{0276C705-ACF6-4641-9CA6-BE092F86D171}.Debug|x64.ActiveCfg = Debug|iPhone
		{0276C705-ACF6-4641-9CA6-BE092F86D171}.Debug|x64.Build.0 = Debug|iPhone
		{0276C705-ACF6-4641-9CA6-BE092F86D171}.Debug|x64.Deploy.0 = Debug|iPhone
		{0276C705-ACF6-4641-9CA6-BE092F86D171}.Debug|x86.ActiveCfg = Debug|iPhone
		{0276C705-ACF6-4641-9CA6-BE092F86D171}.Debug|x86.Build.0 = Debug|iPhone
		{0276C705-ACF6-4641-9CA6-BE092F86D171}.Debug|x86.Deploy.0 = Debug|iPhone
		{0276C705-ACF6-4641-9CA6-BE092F86D171}.Release|Any CPU.ActiveCfg = Release|iPhone
		{0276C705-ACF6-4641-9CA6-BE092F86D171}.Release|Any CPU.Build.0 = Release|iPhone
		{0276C705-ACF6-4641-9CA6-BE092F86D171}.Release|Any CPU.Deploy.0 = Release|iPhone
		{0276C705-ACF6-4641-9CA6-BE092F86D171}.Release|ARM.ActiveCfg = Release|iPhone
		{0276C705-ACF6-4641-9CA6-BE092F86D171}.Release|ARM.Build.0 = Release|iPhone
		{0276C705-ACF6-4641-9CA6-BE092F86D171}.Release|ARM.Deploy.0 = Release|iPhone
		{0276C705-ACF6-4641-9CA6-BE092F86D171}.Release|iPhone.ActiveCfg = Release|iPhone
		{0276C705-ACF6-4641-9CA6-BE092F86D171}.Release|iPhone.Build.0 = Release|iPhone
		{0276C705-ACF6-4641-9CA6-BE092F86D171}.Release|iPhone.Deploy.0 = Release|iPhone
		{0276C705-ACF6-4641-9CA6-BE092F86D171}.Release|iPhoneSimulator.ActiveCfg = Release|iPhoneSimulator
		{0276C705-ACF6-4641-9CA6-BE092F86D171}.Release|iPhoneSimulator.Build.0 = Release|iPhoneSimulator
		{0276C705-ACF6-4641-9CA6-BE092F86D171}.Release|iPhoneSimulator.Deploy.0 = Release|iPhoneSimulator
		{0276C705-ACF6-4641-9CA6-BE092F86D171}.Release|x64.ActiveCfg = Release|iPhone
		{0276C705-ACF6-4641-9CA6-BE092F86D171}.Release|x64.Build.0 = Release|iPhone
		{0276C705-ACF6-4641-9CA6-BE092F86D171}.Release|x64.Deploy.0 = Release|iPhone
		{0276C705-ACF6-4641-9CA6-BE092F86D171}.Release|x86.ActiveCfg = Release|iPhone
		{0276C705-ACF6-4641-9CA6-BE092F86D171}.Release|x86.Build.0 = Release|iPhone
		{0276C705-ACF6-4641-9CA6-BE092F86D171}.Release|x86.Deploy.0 = Release|iPhone
		{0C60A1AB-0578-4965-A471-036998064F44}.Ad-Hoc|Any CPU.ActiveCfg = Release|x86
		{0C60A1AB-0578-4965-A471-036998064F44}.Ad-Hoc|Any CPU.Build.0 = Release|x86
		{0C60A1AB-0578-4965-A471-036998064F44}.Ad-Hoc|Any CPU.Deploy.0 = Release|x86
		{0C60A1AB-0578-4965-A471-036998064F44}.Ad-Hoc|ARM.ActiveCfg = Release|ARM
		{0C60A1AB-0578-4965-A471-036998064F44}.Ad-Hoc|ARM.Build.0 = Release|ARM
		{0C60A1AB-0578-4965-A471-036998064F44}.Ad-Hoc|ARM.Deploy.0 = Release|ARM
		{0C60A1AB-0578-4965-A471-036998064F44}.Ad-Hoc|iPhone.ActiveCfg = Release|x86
		{0C60A1AB-0578-4965-A471-036998064F44}.Ad-Hoc|iPhone.Build.0 = Release|x86
		{0C60A1AB-0578-4965-A471-036998064F44}.Ad-Hoc|iPhone.Deploy.0 = Release|x86
		{0C60A1AB-0578-4965-A471-036998064F44}.Ad-Hoc|iPhoneSimulator.ActiveCfg = Release|x86
		{0C60A1AB-0578-4965-A471-036998064F44}.Ad-Hoc|iPhoneSimulator.Build.0 = Release|x86
		{0C60A1AB-0578-4965-A471-036998064F44}.Ad-Hoc|iPhoneSimulator.Deploy.0 = Release|x86
		{0C60A1AB-0578-4965-A471-036998064F44}.Ad-Hoc|x64.ActiveCfg = Release|x64
		{0C60A1AB-0578-4965-A471-036998064F44}.Ad-Hoc|x64.Build.0 = Release|x64
		{0C60A1AB-0578-4965-A471-036998064F44}.Ad-Hoc|x64.Deploy.0 = Release|x64
		{0C60A1AB-0578-4965-A471-036998064F44}.Ad-Hoc|x86.ActiveCfg = Release|x86
		{0C60A1AB-0578-4965-A471-036998064F44}.Ad-Hoc|x86.Build.0 = Release|x86
		{0C60A1AB-0578-4965-A471-036998064F44}.Ad-Hoc|x86.Deploy.0 = Release|x86
		{0C60A1AB-0578-4965-A471-036998064F44}.AppStore|Any CPU.ActiveCfg = Release|x86
		{0C60A1AB-0578-4965-A471-036998064F44}.AppStore|Any CPU.Build.0 = Release|x86
		{0C60A1AB-0578-4965-A471-036998064F44}.AppStore|Any CPU.Deploy.0 = Release|x86
		{0C60A1AB-0578-4965-A471-036998064F44}.AppStore|ARM.ActiveCfg = Release|ARM
		{0C60A1AB-0578-4965-A471-036998064F44}.AppStore|ARM.Build.0 = Release|ARM
		{0C60A1AB-0578-4965-A471-036998064F44}.AppStore|ARM.Deploy.0 = Release|ARM
		{0C60A1AB-0578-4965-A471-036998064F44}.AppStore|iPhone.ActiveCfg = Release|x86
		{0C60A1AB-0578-4965-A471-036998064F44}.AppStore|iPhone.Build.0 = Release|x86
		{0C60A1AB-0578-4965-A471-036998064F44}.AppStore|iPhone.Deploy.0 = Release|x86
		{0C60A1AB-0578-4965-A471-036998064F44}.AppStore|iPhoneSimulator.ActiveCfg = Release|x86
		{0C60A1AB-0578-4965-A471-036998064F44}.AppStore|iPhoneSimulator.Build.0 = Release|x86
		{0C60A1AB-0578-4965-A471-036998064F44}.AppStore|iPhoneSimulator.Deploy.0 = Release|x86
		{0C60A1AB-0578-4965-A471-036998064F44}.AppStore|x64.ActiveCfg = Release|x64
		{0C60A1AB-0578-4965-A471-036998064F44}.AppStore|x64.Build.0 = Release|x64
		{0C60A1AB-0578-4965-A471-036998064F44}.AppStore|x64.Deploy.0 = Release|x64
		{0C60A1AB-0578-4965-A471-036998064F44}.AppStore|x86.ActiveCfg = Release|x86
		{0C60A1AB-0578-4965-A471-036998064F44}.AppStore|x86.Build.0 = Release|x86
		{0C60A1AB-0578-4965-A471-036998064F44}.AppStore|x86.Deploy.0 = Release|x86
		{0C60A1AB-0578-4965-A471-036998064F44}.Debug|Any CPU.ActiveCfg = Debug|x86
		{0C60A1AB-0578-4965-A471-036998064F44}.Debug|Any CPU.Build.0 = Debug|x86
		{0C60A1AB-0578-4965-A471-036998064F44}.Debug|Any CPU.Deploy.0 = Debug|x86
		{0C60A1AB-0578-4965-A471-036998064F44}.Debug|ARM.ActiveCfg = Debug|ARM
		{0C60A1AB-0578-4965-A471-036998064F44}.Debug|ARM.Build.0 = Debug|ARM
		{0C60A1AB-0578-4965-A471-036998064F44}.Debug|ARM.Deploy.0 = Debug|ARM
		{0C60A1AB-0578-4965-A471-036998064F44}.Debug|iPhone.ActiveCfg = Debug|x86
		{0C60A1AB-0578-4965-A471-036998064F44}.Debug|iPhone.Build.0 = Debug|x86
		{0C60A1AB-0578-4965-A471-036998064F44}.Debug|iPhone.Deploy.0 = Debug|x86
		{0C60A1AB-0578-4965-A471-036998064F44}.Debug|iPhoneSimulator.ActiveCfg = Debug|x86
		{0C60A1AB-0578-4965-A471-036998064F44}.Debug|iPhoneSimulator.Build.0 = Debug|x86
		{0C60A1AB-0578-4965-A471-036998064F44}.Debug|iPhoneSimulator.Deploy.0 = Debug|x86
		{0C60A1AB-0578-4965-A471-036998064F44}.Debug|x64.ActiveCfg = Debug|x64
		{0C60A1AB-0578-4965-A471-036998064F44}.Debug|x64.Build.0 = Debug|x64
		{0C60A1AB-0578-4965-A471-036998064F44}.Debug|x64.Deploy.0 = Debug|x64
		{0C60A1AB-0578-4965-A471-036998064F44}.Debug|x86.ActiveCfg = Debug|x86
		{0C60A1AB-0578-4965-A471-036998064F44}.Debug|x86.Build.0 = Debug|x86
		{0C60A1AB-0578-4965-A471-036998064F44}.Debug|x86.Deploy.0 = Debug|x86
		{0C60A1AB-0578-4965-A471-036998064F44}.Release|Any CPU.ActiveCfg = Release|x86
		{0C60A1AB-0578-4965-A471-036998064F44}.Release|Any CPU.Build.0 = Release|x86
		{0C60A1AB-0578-4965-A471-036998064F44}.Release|Any CPU.Deploy.0 = Release|x86
		{0C60A1AB-0578-4965-A471-036998064F44}.Release|ARM.ActiveCfg = Release|ARM
		{0C60A1AB-0578-4965-A471-036998064F44}.Release|ARM.Build.0 = Release|ARM
		{0C60A1AB-0578-4965-A471-036998064F44}.Release|ARM.Deploy.0 = Release|ARM
		{0C60A1AB-0578-4965-A471-036998064F44}.Release|iPhone.ActiveCfg = Release|x86
		{0C60A1AB-0578-4965-A471-036998064F44}.Release|iPhone.Build.0 = Release|x86
		{0C60A1AB-0578-4965-A471-036998064F44}.Release|iPhone.Deploy.0 = Release|x86
		{0C60A1AB-0578-4965-A471-036998064F44}.Release|iPhoneSimulator.ActiveCfg = Release|x86
		{0C60A1AB-0578-4965-A471-036998064F44}.Release|iPhoneSimulator.Build.0 = Release|x86
		{0C60A1AB-0578-4965-A471-036998064F44}.Release|iPhoneSimulator.Deploy.0 = Release|x86
		{0C60A1AB-0578-4965-A471-036998064F44}.Release|x64.ActiveCfg = Release|x64
		{0C60A1AB-0578-4965-A471-036998064F44}.Release|x64.Build.0 = Release|x64
		{0C60A1AB-0578-4965-A471-036998064F44}.Release|x64.Deploy.0 = Release|x64
		{0C60A1AB-0578-4965-A471-036998064F44}.Release|x86.ActiveCfg = Release|x86
		{0C60A1AB-0578-4965-A471-036998064F44}.Release|x86.Build.0 = Release|x86
		{0C60A1AB-0578-4965-A471-036998064F44}.Release|x86.Deploy.0 = Release|x86
		{2C24F4FA-F462-4C0B-812C-0B1357823AE1}.Ad-Hoc|Any CPU.ActiveCfg = Debug|Any CPU
		{2C24F4FA-F462-4C0B-812C-0B1357823AE1}.Ad-Hoc|Any CPU.Build.0 = Debug|Any CPU
		{2C24F4FA-F462-4C0B-812C-0B1357823AE1}.Ad-Hoc|Any CPU.Deploy.0 = Debug|Any CPU
		{2C24F4FA-F462-4C0B-812C-0B1357823AE1}.Ad-Hoc|ARM.ActiveCfg = Debug|Any CPU
		{2C24F4FA-F462-4C0B-812C-0B1357823AE1}.Ad-Hoc|ARM.Build.0 = Debug|Any CPU
		{2C24F4FA-F462-4C0B-812C-0B1357823AE1}.Ad-Hoc|ARM.Deploy.0 = Debug|Any CPU
		{2C24F4FA-F462-4C0B-812C-0B1357823AE1}.Ad-Hoc|iPhone.ActiveCfg = Debug|Any CPU
		{2C24F4FA-F462-4C0B-812C-0B1357823AE1}.Ad-Hoc|iPhone.Build.0 = Debug|Any CPU
		{2C24F4FA-F462-4C0B-812C-0B1357823AE1}.Ad-Hoc|iPhone.Deploy.0 = Debug|Any CPU
		{2C24F4FA-F462-4C0B-812C-0B1357823AE1}.Ad-Hoc|iPhoneSimulator.ActiveCfg = Debug|Any CPU
		{2C24F4FA-F462-4C0B-812C-0B1357823AE1}.Ad-Hoc|iPhoneSimulator.Build.0 = Debug|Any CPU
		{2C24F4FA-F462-4C0B-812C-0B1357823AE1}.Ad-Hoc|iPhoneSimulator.Deploy.0 = Debug|Any CPU
		{2C24F4FA-F462-4C0B-812C-0B1357823AE1}.Ad-Hoc|x64.ActiveCfg = Debug|Any CPU
		{2C24F4FA-F462-4C0B-812C-0B1357823AE1}.Ad-Hoc|x64.Build.0 = Debug|Any CPU
		{2C24F4FA-F462-4C0B-812C-0B1357823AE1}.Ad-Hoc|x64.Deploy.0 = Debug|Any CPU
		{2C24F4FA-F462-4C0B-812C-0B1357823AE1}.Ad-Hoc|x86.ActiveCfg = Debug|Any CPU
		{2C24F4FA-F462-4C0B-812C-0B1357823AE1}.Ad-Hoc|x86.Build.0 = Debug|Any CPU
		{2C24F4FA-F462-4C0B-812C-0B1357823AE1}.Ad-Hoc|x86.Deploy.0 = Debug|Any CPU
		{2C24F4FA-F462-4C0B-812C-0B1357823AE1}.AppStore|Any CPU.ActiveCfg = Debug|Any CPU
		{2C24F4FA-F462-4C0B-812C-0B1357823AE1}.AppStore|Any CPU.Build.0 = Debug|Any CPU
		{2C24F4FA-F462-4C0B-812C-0B1357823AE1}.AppStore|Any CPU.Deploy.0 = Debug|Any CPU
		{2C24F4FA-F462-4C0B-812C-0B1357823AE1}.AppStore|ARM.ActiveCfg = Debug|Any CPU
		{2C24F4FA-F462-4C0B-812C-0B1357823AE1}.AppStore|ARM.Build.0 = Debug|Any CPU
		{2C24F4FA-F462-4C0B-812C-0B1357823AE1}.AppStore|ARM.Deploy.0 = Debug|Any CPU
		{2C24F4FA-F462-4C0B-812C-0B1357823AE1}.AppStore|iPhone.ActiveCfg = Debug|Any CPU
		{2C24F4FA-F462-4C0B-812C-0B1357823AE1}.AppStore|iPhone.Build.0 = Debug|Any CPU
		{2C24F4FA-F462-4C0B-812C-0B1357823AE1}.AppStore|iPhone.Deploy.0 = Debug|Any CPU
		{2C24F4FA-F462-4C0B-812C-0B1357823AE1}.AppStore|iPhoneSimulator.ActiveCfg = Debug|Any CPU
		{2C24F4FA-F462-4C0B-812C-0B1357823AE1}.AppStore|iPhoneSimulator.Build.0 = Debug|Any CPU
		{2C24F4FA-F462-4C0B-812C-0B1357823AE1}.AppStore|iPhoneSimulator.Deploy.0 = Debug|Any CPU
		{2C24F4FA-F462-4C0B-812C-0B1357823AE1}.AppStore|x64.ActiveCfg = Debug|Any CPU
		{2C24F4FA-F462-4C0B-812C-0B1357823AE1}.AppStore|x64.Build.0 = Debug|Any CPU
		{2C24F4FA-F462-4C0B-812C-0B1357823AE1}.AppStore|x64.Deploy.0 = Debug|Any CPU
		{2C24F4FA-F462-4C0B-812C-0B1357823AE1}.AppStore|x86.ActiveCfg = Debug|Any CPU
		{2C24F4FA-F462-4C0B-812C-0B1357823AE1}.AppStore|x86.Build.0 = Debug|Any CPU
		{2C24F4FA-F462-4C0B-812C-0B1357823AE1}.AppStore|x86.Deploy.0 = Debug|Any CPU
		{2C24F4FA-F462-4C0B-812C-0B1357823AE1}.Debug|Any CPU.ActiveCfg = Debug|Any CPU
		{2C24F4FA-F462-4C0B-812C-0B1357823AE1}.Debug|Any CPU.Build.0 = Debug|Any CPU
		{2C24F4FA-F462-4C0B-812C-0B1357823AE1}.Debug|Any CPU.Deploy.0 = Debug|Any CPU
		{2C24F4FA-F462-4C0B-812C-0B1357823AE1}.Debug|ARM.ActiveCfg = Debug|Any CPU
		{2C24F4FA-F462-4C0B-812C-0B1357823AE1}.Debug|ARM.Build.0 = Debug|Any CPU
		{2C24F4FA-F462-4C0B-812C-0B1357823AE1}.Debug|ARM.Deploy.0 = Debug|Any CPU
		{2C24F4FA-F462-4C0B-812C-0B1357823AE1}.Debug|iPhone.ActiveCfg = Debug|Any CPU
		{2C24F4FA-F462-4C0B-812C-0B1357823AE1}.Debug|iPhone.Build.0 = Debug|Any CPU
		{2C24F4FA-F462-4C0B-812C-0B1357823AE1}.Debug|iPhone.Deploy.0 = Debug|Any CPU
		{2C24F4FA-F462-4C0B-812C-0B1357823AE1}.Debug|iPhoneSimulator.ActiveCfg = Debug|Any CPU
		{2C24F4FA-F462-4C0B-812C-0B1357823AE1}.Debug|iPhoneSimulator.Build.0 = Debug|Any CPU
		{2C24F4FA-F462-4C0B-812C-0B1357823AE1}.Debug|iPhoneSimulator.Deploy.0 = Debug|Any CPU
		{2C24F4FA-F462-4C0B-812C-0B1357823AE1}.Debug|x64.ActiveCfg = Debug|Any CPU
		{2C24F4FA-F462-4C0B-812C-0B1357823AE1}.Debug|x64.Build.0 = Debug|Any CPU
		{2C24F4FA-F462-4C0B-812C-0B1357823AE1}.Debug|x64.Deploy.0 = Debug|Any CPU
		{2C24F4FA-F462-4C0B-812C-0B1357823AE1}.Debug|x86.ActiveCfg = Debug|Any CPU
		{2C24F4FA-F462-4C0B-812C-0B1357823AE1}.Debug|x86.Build.0 = Debug|Any CPU
		{2C24F4FA-F462-4C0B-812C-0B1357823AE1}.Debug|x86.Deploy.0 = Debug|Any CPU
		{2C24F4FA-F462-4C0B-812C-0B1357823AE1}.Release|Any CPU.ActiveCfg = Release|Any CPU
		{2C24F4FA-F462-4C0B-812C-0B1357823AE1}.Release|Any CPU.Build.0 = Release|Any CPU
		{2C24F4FA-F462-4C0B-812C-0B1357823AE1}.Release|Any CPU.Deploy.0 = Release|Any CPU
		{2C24F4FA-F462-4C0B-812C-0B1357823AE1}.Release|ARM.ActiveCfg = Release|Any CPU
		{2C24F4FA-F462-4C0B-812C-0B1357823AE1}.Release|ARM.Build.0 = Release|Any CPU
		{2C24F4FA-F462-4C0B-812C-0B1357823AE1}.Release|ARM.Deploy.0 = Release|Any CPU
		{2C24F4FA-F462-4C0B-812C-0B1357823AE1}.Release|iPhone.ActiveCfg = Release|Any CPU
		{2C24F4FA-F462-4C0B-812C-0B1357823AE1}.Release|iPhone.Build.0 = Release|Any CPU
		{2C24F4FA-F462-4C0B-812C-0B1357823AE1}.Release|iPhone.Deploy.0 = Release|Any CPU
		{2C24F4FA-F462-4C0B-812C-0B1357823AE1}.Release|iPhoneSimulator.ActiveCfg = Release|Any CPU
		{2C24F4FA-F462-4C0B-812C-0B1357823AE1}.Release|iPhoneSimulator.Build.0 = Release|Any CPU
		{2C24F4FA-F462-4C0B-812C-0B1357823AE1}.Release|iPhoneSimulator.Deploy.0 = Release|Any CPU
		{2C24F4FA-F462-4C0B-812C-0B1357823AE1}.Release|x64.ActiveCfg = Release|Any CPU
		{2C24F4FA-F462-4C0B-812C-0B1357823AE1}.Release|x64.Build.0 = Release|Any CPU
		{2C24F4FA-F462-4C0B-812C-0B1357823AE1}.Release|x64.Deploy.0 = Release|Any CPU
		{2C24F4FA-F462-4C0B-812C-0B1357823AE1}.Release|x86.ActiveCfg = Release|Any CPU
		{2C24F4FA-F462-4C0B-812C-0B1357823AE1}.Release|x86.Build.0 = Release|Any CPU
		{2C24F4FA-F462-4C0B-812C-0B1357823AE1}.Release|x86.Deploy.0 = Release|Any CPU
		{CCE373B1-213B-4C7A-B862-238C8EE73030}.Ad-Hoc|Any CPU.ActiveCfg = Release|Any CPU
		{CCE373B1-213B-4C7A-B862-238C8EE73030}.Ad-Hoc|Any CPU.Build.0 = Release|Any CPU
		{CCE373B1-213B-4C7A-B862-238C8EE73030}.Ad-Hoc|ARM.ActiveCfg = Release|Any CPU
		{CCE373B1-213B-4C7A-B862-238C8EE73030}.Ad-Hoc|ARM.Build.0 = Release|Any CPU
		{CCE373B1-213B-4C7A-B862-238C8EE73030}.Ad-Hoc|iPhone.ActiveCfg = Release|Any CPU
		{CCE373B1-213B-4C7A-B862-238C8EE73030}.Ad-Hoc|iPhone.Build.0 = Release|Any CPU
		{CCE373B1-213B-4C7A-B862-238C8EE73030}.Ad-Hoc|iPhoneSimulator.ActiveCfg = Release|Any CPU
		{CCE373B1-213B-4C7A-B862-238C8EE73030}.Ad-Hoc|iPhoneSimulator.Build.0 = Release|Any CPU
		{CCE373B1-213B-4C7A-B862-238C8EE73030}.Ad-Hoc|x64.ActiveCfg = Release|Any CPU
		{CCE373B1-213B-4C7A-B862-238C8EE73030}.Ad-Hoc|x64.Build.0 = Release|Any CPU
		{CCE373B1-213B-4C7A-B862-238C8EE73030}.Ad-Hoc|x86.ActiveCfg = Release|Any CPU
		{CCE373B1-213B-4C7A-B862-238C8EE73030}.Ad-Hoc|x86.Build.0 = Release|Any CPU
		{CCE373B1-213B-4C7A-B862-238C8EE73030}.AppStore|Any CPU.ActiveCfg = Release|Any CPU
		{CCE373B1-213B-4C7A-B862-238C8EE73030}.AppStore|Any CPU.Build.0 = Release|Any CPU
		{CCE373B1-213B-4C7A-B862-238C8EE73030}.AppStore|ARM.ActiveCfg = Release|Any CPU
		{CCE373B1-213B-4C7A-B862-238C8EE73030}.AppStore|ARM.Build.0 = Release|Any CPU
		{CCE373B1-213B-4C7A-B862-238C8EE73030}.AppStore|iPhone.ActiveCfg = Release|Any CPU
		{CCE373B1-213B-4C7A-B862-238C8EE73030}.AppStore|iPhone.Build.0 = Release|Any CPU
		{CCE373B1-213B-4C7A-B862-238C8EE73030}.AppStore|iPhoneSimulator.ActiveCfg = Release|Any CPU
		{CCE373B1-213B-4C7A-B862-238C8EE73030}.AppStore|iPhoneSimulator.Build.0 = Release|Any CPU
		{CCE373B1-213B-4C7A-B862-238C8EE73030}.AppStore|x64.ActiveCfg = Release|Any CPU
		{CCE373B1-213B-4C7A-B862-238C8EE73030}.AppStore|x64.Build.0 = Release|Any CPU
		{CCE373B1-213B-4C7A-B862-238C8EE73030}.AppStore|x86.ActiveCfg = Release|Any CPU
		{CCE373B1-213B-4C7A-B862-238C8EE73030}.AppStore|x86.Build.0 = Release|Any CPU
		{CCE373B1-213B-4C7A-B862-238C8EE73030}.Debug|Any CPU.ActiveCfg = Debug|Any CPU
		{CCE373B1-213B-4C7A-B862-238C8EE73030}.Debug|Any CPU.Build.0 = Debug|Any CPU
		{CCE373B1-213B-4C7A-B862-238C8EE73030}.Debug|ARM.ActiveCfg = Debug|Any CPU
		{CCE373B1-213B-4C7A-B862-238C8EE73030}.Debug|ARM.Build.0 = Debug|Any CPU
		{CCE373B1-213B-4C7A-B862-238C8EE73030}.Debug|iPhone.ActiveCfg = Debug|Any CPU
		{CCE373B1-213B-4C7A-B862-238C8EE73030}.Debug|iPhone.Build.0 = Debug|Any CPU
		{CCE373B1-213B-4C7A-B862-238C8EE73030}.Debug|iPhoneSimulator.ActiveCfg = Debug|Any CPU
		{CCE373B1-213B-4C7A-B862-238C8EE73030}.Debug|iPhoneSimulator.Build.0 = Debug|Any CPU
		{CCE373B1-213B-4C7A-B862-238C8EE73030}.Debug|x64.ActiveCfg = Debug|Any CPU
		{CCE373B1-213B-4C7A-B862-238C8EE73030}.Debug|x64.Build.0 = Debug|Any CPU
		{CCE373B1-213B-4C7A-B862-238C8EE73030}.Debug|x86.ActiveCfg = Debug|Any CPU
		{CCE373B1-213B-4C7A-B862-238C8EE73030}.Debug|x86.Build.0 = Debug|Any CPU
		{CCE373B1-213B-4C7A-B862-238C8EE73030}.Release|Any CPU.ActiveCfg = Release|Any CPU
		{CCE373B1-213B-4C7A-B862-238C8EE73030}.Release|Any CPU.Build.0 = Release|Any CPU
		{CCE373B1-213B-4C7A-B862-238C8EE73030}.Release|ARM.ActiveCfg = Release|Any CPU
		{CCE373B1-213B-4C7A-B862-238C8EE73030}.Release|ARM.Build.0 = Release|Any CPU
		{CCE373B1-213B-4C7A-B862-238C8EE73030}.Release|iPhone.ActiveCfg = Release|Any CPU
		{CCE373B1-213B-4C7A-B862-238C8EE73030}.Release|iPhone.Build.0 = Release|Any CPU
		{CCE373B1-213B-4C7A-B862-238C8EE73030}.Release|iPhoneSimulator.ActiveCfg = Release|Any CPU
		{CCE373B1-213B-4C7A-B862-238C8EE73030}.Release|iPhoneSimulator.Build.0 = Release|Any CPU
		{CCE373B1-213B-4C7A-B862-238C8EE73030}.Release|x64.ActiveCfg = Release|Any CPU
		{CCE373B1-213B-4C7A-B862-238C8EE73030}.Release|x64.Build.0 = Release|Any CPU
		{CCE373B1-213B-4C7A-B862-238C8EE73030}.Release|x86.ActiveCfg = Release|Any CPU
		{CCE373B1-213B-4C7A-B862-238C8EE73030}.Release|x86.Build.0 = Release|Any CPU
	EndGlobalSection
	GlobalSection(SolutionProperties) = preSolution
		HideSolutionNode = FALSE
	EndGlobalSection
	GlobalSection(ExtensibilityGlobals) = postSolution
		SolutionGuid = {E6C687B7-08B1-4B81-9E54-D5E39F09C929}
	EndGlobalSection
EndGlobal
